
Microsoft Visual Studio Solution File, Format Version 12.00
# Visual Studio Version 16
VisualStudioVersion = 16.0.30128.74
MinimumVisualStudioVersion = 10.0.40219.1
Project("{FAE04EC0-301F-11D3-BF4B-00C04F79EFBC}") = "code7", "code7\code7.csproj", "{117115F5-382A-40C2-A333-C9AE6F48B594}"
EndProject
Global
	GlobalSection(SolutionConfigurationPlatforms) = preSolution
		Debug|Any CPU = Debug|Any CPU
		Release|Any CPU = Release|Any CPU
	EndGlobalSection
	GlobalSection(ProjectConfigurationPlatforms) = postSolution
		{117115F5-382A-40C2-A333-C9AE6F48B594}.Debug|Any CPU.ActiveCfg = Debug|Any CPU
		{117115F5-382A-40C2-A333-C9AE6F48B594}.Debug|Any CPU.Build.0 = Debug|Any CPU
		{117115F5-382A-40C2-A333-C9AE6F48B594}.Release|Any CPU.ActiveCfg = Release|Any CPU
		{117115F5-382A-40C2-A333-C9AE6F48B594}.Release|Any CPU.Build.0 = Release|Any CPU
	EndGlobalSection
	GlobalSection(SolutionProperties) = preSolution
		HideSolutionNode = FALSE
	EndGlobalSection
	GlobalSection(ExtensibilityGlobals) = postSolution
		SolutionGuid = {27D0A5BF-C8C1-48F2-B25D-6CEDD46B77CC}
	EndGlobalSection
EndGlobal
